<Solution>
  <Project Path="ColorfulLedKeyboard.Core/ColorfulLedKeyboard.Core.csproj" />
  <Project Path="ColorfulLedKeyboard.Installer/ColorfulLedKeyboard.Installer.csproj" />
  <Project Path="ColorfulLedKeyboard.Service/ColorfulLedKeyboard.Service.csproj" />
  <Project Path="ColorfulLedKeyboard.Tests/ColorfulLedKeyboard.Tests.csproj" />
  <Project Path="ColorfulLedKeyboard.Tray/ColorfulLedKeyboard.Tray.csproj" />
</Solution>
